// !$*UTF8*$!
{
	archiveVersion = 1;
	classes = {
	};
	objectVersion = 46;
	objects = {

/* Begin PBXBuildFile section */
		7059A66118EE5FD20045807C /* Foundation.framework in Frameworks */ = {isa = PBXBuildFile; fileRef = 7059A66018EE5FD20045807C /* Foundation.framework */; };
		7059A66318EE5FD20045807C /* CoreGraphics.framework in Frameworks */ = {isa = PBXBuildFile; fileRef = 7059A66218EE5FD20045807C /* CoreGraphics.framework */; };
		7059A66518EE5FD20045807C /* UIKit.framework in Frameworks */ = {isa = PBXBuildFile; fileRef = 7059A66418EE5FD20045807C /* UIKit.framework */; };
		7059A66718EE5FD20045807C /* CoreData.framework in Frameworks */ = {isa = PBXBuildFile; fileRef = 7059A66618EE5FD20045807C /* CoreData.framework */; };
		7059A66D18EE5FD20045807C /* InfoPlist.strings in Resources */ = {isa = PBXBuildFile; fileRef = 7059A66B18EE5FD20045807C /* InfoPlist.strings */; };
		7059A66F18EE5FD20045807C /* main.m in Sources */ = {isa = PBXBuildFile; fileRef = 7059A66E18EE5FD20045807C /* main.m */; };
		7059A67318EE5FD20045807C /* AppDelegate.m in Sources */ = {isa = PBXBuildFile; fileRef = 7059A67218EE5FD20045807C /* AppDelegate.m */; };
		7059A67618EE5FD20045807C /* CarbonWorkout.xcdatamodeld in Sources */ = {isa = PBXBuildFile; fileRef = 7059A67418EE5FD20045807C /* CarbonWorkout.xcdatamodeld */; };
		7059A67818EE5FD20045807C /* Images.xcassets in Resources */ = {isa = PBXBuildFile; fileRef = 7059A67718EE5FD20045807C /* Images.xcassets */; };
		7059A67F18EE5FD20045807C /* XCTest.framework in Frameworks */ = {isa = PBXBuildFile; fileRef = 7059A67E18EE5FD20045807C /* XCTest.framework */; };
		7059A68018EE5FD20045807C /* Foundation.framework in Frameworks */ = {isa = PBXBuildFile; fileRef = 7059A66018EE5FD20045807C /* Foundation.framework */; };
		7059A68118EE5FD20045807C /* UIKit.framework in Frameworks */ = {isa = PBXBuildFile; fileRef = 7059A66418EE5FD20045807C /* UIKit.framework */; };
		7059A68218EE5FD20045807C /* CoreData.framework in Frameworks */ = {isa = PBXBuildFile; fileRef = 7059A66618EE5FD20045807C /* CoreData.framework */; };
		7059A68A18EE5FD20045807C /* InfoPlist.strings in Resources */ = {isa = PBXBuildFile; fileRef = 7059A68818EE5FD20045807C /* InfoPlist.strings */; };
		7059A68C18EE5FD20045807C /* CarbonWorkoutTests.m in Sources */ = {isa = PBXBuildFile; fileRef = 7059A68B18EE5FD20045807C /* CarbonWorkoutTests.m */; };
/* End PBXBuildFile section */

/* Begin PBXContainerItemProxy section */
		7059A68318EE5FD20045807C /* PBXContainerItemProxy */ = {
			isa = PBXContainerItemProxy;
			containerPortal = 7059A65518EE5FD20045807C /* Project object */;
			proxyType = 1;
			remoteGlobalIDString = 7059A65C18EE5FD20045807C;
			remoteInfo = CarbonWorkout;
		};
/* End PBXContainerItemProxy section */

/* Begin PBXFileReference section */
		7059A65D18EE5FD20045807C /* CarbonWorkout.app */ = {isa = PBXFileReference; explicitFileType = wrapper.application; includeInIndex = 0; path = CarbonWorkout.app; sourceTree = BUILT_PRODUCTS_DIR; };
		7059A66018EE5FD20045807C /* Foundation.framework */ = {isa = PBXFileReference; lastKnownFileType = wrapper.framework; name = Foundation.framework; path = System/Library/Frameworks/Foundation.framework; sourceTree = SDKROOT; };
		7059A66218EE5FD20045807C /* CoreGraphics.framework */ = {isa = PBXFileReference; lastKnownFileType = wrapper.framework; name = CoreGraphics.framework; path = System/Library/Frameworks/CoreGraphics.framework; sourceTree = SDKROOT; };
		7059A66418EE5FD20045807C /* UIKit.framework */ = {isa = PBXFileReference; lastKnownFileType = wrapper.framework; name = UIKit.framework; path = System/Library/Frameworks/UIKit.framework; sourceTree = SDKROOT; };
		7059A66618EE5FD20045807C /* CoreData.framework */ = {isa = PBXFileReference; lastKnownFileType = wrapper.framework; name = CoreData.framework; path = System/Library/Frameworks/CoreData.framework; sourceTree = SDKROOT; };
		7059A66A18EE5FD20045807C /* CarbonWorkout-Info.plist */ = {isa = PBXFileReference; lastKnownFileType = text.plist.xml; path = "CarbonWorkout-Info.plist"; sourceTree = "<group>"; };
		7059A66C18EE5FD20045807C /* en */ = {isa = PBXFileReference; lastKnownFileType = text.plist.strings; name = en; path = en.lproj/InfoPlist.strings; sourceTree = "<group>"; };
		7059A66E18EE5FD20045807C /* main.m */ = {isa = PBXFileReference; lastKnownFileType = sourcecode.c.objc; path = main.m; sourceTree = "<group>"; };
		7059A67018EE5FD20045807C /* CarbonWorkout-Prefix.pch */ = {isa = PBXFileReference; lastKnownFileType = sourcecode.c.h; path = "CarbonWorkout-Prefix.pch"; sourceTree = "<group>"; };
		7059A67118EE5FD20045807C /* AppDelegate.h */ = {isa = PBXFileReference; lastKnownFileType = sourcecode.c.h; path = AppDelegate.h; sourceTree = "<group>"; };
		7059A67218EE5FD20045807C /* AppDelegate.m */ = {isa = PBXFileReference; lastKnownFileType = sourcecode.c.objc; path = AppDelegate.m; sourceTree = "<group>"; };
		7059A67518EE5FD20045807C /* CarbonWorkout.xcdatamodel */ = {isa = PBXFileReference; lastKnownFileType = wrapper.xcdatamodel; path = CarbonWorkout.xcdatamodel; sourceTree = "<group>"; };
		7059A67718EE5FD20045807C /* Images.xcassets */ = {isa = PBXFileReference; lastKnownFileType = folder.assetcatalog; path = Images.xcassets; sourceTree = "<group>"; };
		7059A67D18EE5FD20045807C /* CarbonWorkoutTests.xctest */ = {isa = PBXFileReference; explicitFileType = wrapper.cfbundle; includeInIndex = 0; path = CarbonWorkoutTests.xctest; sourceTree = BUILT_PRODUCTS_DIR; };
		7059A67E18EE5FD20045807C /* XCTest.framework */ = {isa = PBXFileReference; lastKnownFileType = wrapper.framework; name = XCTest.framework; path = Library/Frameworks/XCTest.framework; sourceTree = DEVELOPER_DIR; };
		7059A68718EE5FD20045807C /* CarbonWorkoutTests-Info.plist */ = {isa = PBXFileReference; lastKnownFileType = text.plist.xml; path = "CarbonWorkoutTests-Info.plist"; sourceTree = "<group>"; };
		7059A68918EE5FD20045807C /* en */ = {isa = PBXFileReference; lastKnownFileType = text.plist.strings; name = en; path = en.lproj/InfoPlist.strings; sourceTree = "<group>"; };
		7059A68B18EE5FD20045807C /* CarbonWorkoutTests.m */ = {isa = PBXFileReference; lastKnownFileType = sourcecode.c.objc; path = CarbonWorkoutTests.m; sourceTree = "<group>"; };
/* End PBXFileReference section */

/* Begin PBXFrameworksBuildPhase section */
		7059A65A18EE5FD20045807C /* Frameworks */ = {
			isa = PBXFrameworksBuildPhase;
			buildActionMask = 2147483647;
			files = (
				7059A66318EE5FD20045807C /* CoreGraphics.framework in Frameworks */,
				7059A66718EE5FD20045807C /* CoreData.framework in Frameworks */,
				7059A66518EE5FD20045807C /* UIKit.framework in Frameworks */,
				7059A66118EE5FD20045807C /* Foundation.framework in Frameworks */,
			);
			runOnlyForDeploymentPostprocessing = 0;
		};
		7059A67A18EE5FD20045807C /* Frameworks */ = {
			isa = PBXFrameworksBuildPhase;
			buildActionMask = 2147483647;
			files = (
				7059A67F18EE5FD20045807C /* XCTest.framework in Frameworks */,
				7059A68218EE5FD20045807C /* CoreData.framework in Frameworks */,
				7059A68118EE5FD20045807C /* UIKit.framework in Frameworks */,
				7059A68018EE5FD20045807C /* Foundation.framework in Frameworks */,
			);
			runOnlyForDeploymentPostprocessing = 0;
		};
/* End PBXFrameworksBuildPhase section */

/* Begin PBXGroup section */
		7059A65418EE5FD20045807C = {
			isa = PBXGroup;
			children = (
				7059A66818EE5FD20045807C /* CarbonWorkout */,
				7059A68518EE5FD20045807C /* CarbonWorkoutTests */,
				7059A65F18EE5FD20045807C /* Frameworks */,
				7059A65E18EE5FD20045807C /* Products */,
			);
			sourceTree = "<group>";
		};
		7059A65E18EE5FD20045807C /* Products */ = {
			isa = PBXGroup;
			children = (
				7059A65D18EE5FD20045807C /* CarbonWorkout.app */,
				7059A67D18EE5FD20045807C /* CarbonWorkoutTests.xctest */,
			);
			name = Products;
			sourceTree = "<group>";
		};
		7059A65F18EE5FD20045807C /* Frameworks */ = {
			isa = PBXGroup;
			children = (
				7059A66018EE5FD20045807C /* Foundation.framework */,
				7059A66218EE5FD20045807C /* CoreGraphics.framework */,
				7059A66418EE5FD20045807C /* UIKit.framework */,
				7059A66618EE5FD20045807C /* CoreData.framework */,
				7059A67E18EE5FD20045807C /* XCTest.framework */,
			);
			name = Frameworks;
			sourceTree = "<group>";
		};
		7059A66818EE5FD20045807C /* CarbonWorkout */ = {
			isa = PBXGroup;
			children = (
				7059A67118EE5FD20045807C /* AppDelegate.h */,
				7059A67218EE5FD20045807C /* AppDelegate.m */,
				7059A67718EE5FD20045807C /* Images.xcassets */,
				7059A67418EE5FD20045807C /* CarbonWorkout.xcdatamodeld */,
				7059A66918EE5FD20045807C /* Supporting Files */,
			);
			path = CarbonWorkout;
			sourceTree = "<group>";
		};
		7059A66918EE5FD20045807C /* Supporting Files */ = {
			isa = PBXGroup;
			children = (
				7059A66A18EE5FD20045807C /* CarbonWorkout-Info.plist */,
				7059A66B18EE5FD20045807C /* InfoPlist.strings */,
				7059A66E18EE5FD20045807C /* main.m */,
				7059A67018EE5FD20045807C /* CarbonWorkout-Prefix.pch */,
			);
			name = "Supporting Files";
			sourceTree = "<group>";
		};
		7059A68518EE5FD20045807C /* CarbonWorkoutTests */ = {
			isa = PBXGroup;
			children = (
				7059A68B18EE5FD20045807C /* CarbonWorkoutTests.m */,
				7059A68618EE5FD20045807C /* Supporting Files */,
			);
			path = CarbonWorkoutTests;
			sourceTree = "<group>";
		};
		7059A68618EE5FD20045807C /* Supporting Files */ = {
			isa = PBXGroup;
			children = (
				7059A68718EE5FD20045807C /* CarbonWorkoutTests-Info.plist */,
				7059A68818EE5FD20045807C /* InfoPlist.strings */,
			);
			name = "Supporting Files";
			sourceTree = "<group>";
		};
/* End PBXGroup section */

/* Begin PBXNativeTarget section */
		7059A65C18EE5FD20045807C /* CarbonWorkout */ = {
			isa = PBXNativeTarget;
			buildConfigurationList = 7059A68F18EE5FD20045807C /* Build configuration list for PBXNativeTarget "CarbonWorkout" */;
			buildPhases = (
				7059A65918EE5FD20045807C /* Sources */,
				7059A65A18EE5FD20045807C /* Frameworks */,
				7059A65B18EE5FD20045807C /* Resources */,
			);
			buildRules = (
			);
			dependencies = (
			);
			name = CarbonWorkout;
			productName = CarbonWorkout;
			productReference = 7059A65D18EE5FD20045807C /* CarbonWorkout.app */;
			productType = "com.apple.product-type.application";
		};
		7059A67C18EE5FD20045807C /* CarbonWorkoutTests */ = {
			isa = PBXNativeTarget;
			buildConfigurationList = 7059A69218EE5FD20045807C /* Build configuration list for PBXNativeTarget "CarbonWorkoutTests" */;
			buildPhases = (
				7059A67918EE5FD20045807C /* Sources */,
				7059A67A18EE5FD20045807C /* Frameworks */,
				7059A67B18EE5FD20045807C /* Resources */,
			);
			buildRules = (
			);
			dependencies = (
				7059A68418EE5FD20045807C /* PBXTargetDependency */,
			);
			name = CarbonWorkoutTests;
			productName = CarbonWorkoutTests;
			productReference = 7059A67D18EE5FD20045807C /* CarbonWorkoutTests.xctest */;
			productType = "com.apple.product-type.bundle.unit-test";
		};
/* End PBXNativeTarget section */

/* Begin PBXProject section */
		7059A65518EE5FD20045807C /* Project object */ = {
			isa = PBXProject;
			attributes = {
				LastUpgradeCheck = 0510;
				ORGANIZATIONNAME = "Kevin Carbone";
				TargetAttributes = {
					7059A67C18EE5FD20045807C = {
						TestTargetID = 7059A65C18EE5FD20045807C;
					};
				};
			};
			buildConfigurationList = 7059A65818EE5FD20045807C /* Build configuration list for PBXProject "CarbonWorkout" */;
			compatibilityVersion = "Xcode 3.2";
			developmentRegion = English;
			hasScannedForEncodings = 0;
			knownRegions = (
				en,
			);
			mainGroup = 7059A65418EE5FD20045807C;
			productRefGroup = 7059A65E18EE5FD20045807C /* Products */;
			projectDirPath = "";
			projectRoot = "";
			targets = (
				7059A65C18EE5FD20045807C /* CarbonWorkout */,
				7059A67C18EE5FD20045807C /* CarbonWorkoutTests */,
			);
		};
/* End PBXProject section */

/* Begin PBXResourcesBuildPhase section */
		7059A65B18EE5FD20045807C /* Resources */ = {
			isa = PBXResourcesBuildPhase;
			buildActionMask = 2147483647;
			files = (
				7059A66D18EE5FD20045807C /* InfoPlist.strings in Resources */,
				7059A67818EE5FD20045807C /* Images.xcassets in Resources */,
			);
			runOnlyForDeploymentPostprocessing = 0;
		};
		7059A67B18EE5FD20045807C /* Resources */ = {
			isa = PBXResourcesBuildPhase;
			buildActionMask = 2147483647;
			files = (
				7059A68A18EE5FD20045807C /* InfoPlist.strings in Resources */,
			);
			runOnlyForDeploymentPostprocessing = 0;
		};
/* End PBXResourcesBuildPhase section */

/* Begin PBXSourcesBuildPhase section */
		7059A65918EE5FD20045807C /* Sources */ = {
			isa = PBXSourcesBuildPhase;
			buildActionMask = 2147483647;
			files = (
				7059A67318EE5FD20045807C /* AppDelegate.m in Sources */,
				7059A67618EE5FD20045807C /* CarbonWorkout.xcdatamodeld in Sources */,
				7059A66F18EE5FD20045807C /* main.m in Sources */,
			);
			runOnlyForDeploymentPostprocessing = 0;
		};
		7059A67918EE5FD20045807C /* Sources */ = {
			isa = PBXSourcesBuildPhase;
			buildActionMask = 2147483647;
			files = (
				7059A68C18EE5FD20045807C /* CarbonWorkoutTests.m in Sources */,
			);
			runOnlyForDeploymentPostprocessing = 0;
		};
/* End PBXSourcesBuildPhase section */

/* Begin PBXTargetDependency section */
		7059A68418EE5FD20045807C /* PBXTargetDependency */ = {
			isa = PBXTargetDependency;
			target = 7059A65C18EE5FD20045807C /* CarbonWorkout */;
			targetProxy = 7059A68318EE5FD20045807C /* PBXContainerItemProxy */;
		};
/* End PBXTargetDependency section */

/* Begin PBXVariantGroup section */
		7059A66B18EE5FD20045807C /* InfoPlist.strings */ = {
			isa = PBXVariantGroup;
			children = (
				7059A66C18EE5FD20045807C /* en */,
			);
			name = InfoPlist.strings;
			sourceTree = "<group>";
		};
		7059A68818EE5FD20045807C /* InfoPlist.strings */ = {
			isa = PBXVariantGroup;
			children = (
				7059A68918EE5FD20045807C /* en */,
			);
			name = InfoPlist.strings;
			sourceTree = "<group>";
		};
/* End PBXVariantGroup section */

/* Begin XCBuildConfiguration section */
		7059A68D18EE5FD20045807C /* Debug */ = {
			isa = XCBuildConfiguration;
			buildSettings = {
				ALWAYS_SEARCH_USER_PATHS = NO;
				CLANG_CXX_LANGUAGE_STANDARD = "gnu++0x";
				CLANG_CXX_LIBRARY = "libc++";
				CLANG_ENABLE_MODULES = YES;
				CLANG_ENABLE_OBJC_ARC = YES;
				CLANG_WARN_BOOL_CONVERSION = YES;
				CLANG_WARN_CONSTANT_CONVERSION = YES;
				CLANG_WARN_DIRECT_OBJC_ISA_USAGE = YES_ERROR;
				CLANG_WARN_EMPTY_BODY = YES;
				CLANG_WARN_ENUM_CONVERSION = YES;
				CLANG_WARN_INT_CONVERSION = YES;
				CLANG_WARN_OBJC_ROOT_CLASS = YES_ERROR;
				CLANG_WARN__DUPLICATE_METHOD_MATCH = YES;
				"CODE_SIGN_IDENTITY[sdk=iphoneos*]" = "iPhone Developer";
				COPY_PHASE_STRIP = NO;
				GCC_C_LANGUAGE_STANDARD = gnu99;
				GCC_DYNAMIC_NO_PIC = NO;
				GCC_OPTIMIZATION_LEVEL = 0;
				GCC_PREPROCESSOR_DEFINITIONS = (
					"DEBUG=1",
					"$(inherited)",
				);
				GCC_SYMBOLS_PRIVATE_EXTERN = NO;
				GCC_WARN_64_TO_32_BIT_CONVERSION = YES;
				GCC_WARN_ABOUT_RETURN_TYPE = YES_ERROR;
				GCC_WARN_UNDECLARED_SELECTOR = YES;
				GCC_WARN_UNINITIALIZED_AUTOS = YES_AGGRESSIVE;
				GCC_WARN_UNUSED_FUNCTION = YES;
				GCC_WARN_UNUSED_VARIABLE = YES;
				IPHONEOS_DEPLOYMENT_TARGET = 7.1;
				ONLY_ACTIVE_ARCH = YES;
				SDKROOT = iphoneos;
				TARGETED_DEVICE_FAMILY = "1,2";
			};
			name = Debug;
		};
		7059A68E18EE5FD20045807C /* Release */ = {
			isa = XCBuildConfiguration;
			buildSettings = {
				ALWAYS_SEARCH_USER_PATHS = NO;
				CLANG_CXX_LANGUAGE_STANDARD = "gnu++0x";
				CLANG_CXX_LIBRARY = "libc++";
				CLANG_ENABLE_MODULES = YES;
				CLANG_ENABLE_OBJC_ARC = YES;
				CLANG_WARN_BOOL_CONVERSION = YES;
				CLANG_WARN_CONSTANT_CONVERSION = YES;
				CLANG_WARN_DIRECT_OBJC_ISA_USAGE = YES_ERROR;
				CLANG_WARN_EMPTY_BODY = YES;
				CLANG_WARN_ENUM_CONVERSION = YES;
				CLANG_WARN_INT_CONVERSION = YES;
				CLANG_WARN_OBJC_ROOT_CLASS = YES_ERROR;
				CLANG_WARN__DUPLICATE_METHOD_MATCH = YES;
				"CODE_SIGN_IDENTITY[sdk=iphoneos*]" = "iPhone Developer";
				COPY_PHASE_STRIP = YES;
				ENABLE_NS_ASSERTIONS = NO;
				GCC_C_LANGUAGE_STANDARD = gnu99;
				GCC_WARN_64_TO_32_BIT_CONVERSION = YES;
				GCC_WARN_ABOUT_RETURN_TYPE = YES_ERROR;
				GCC_WARN_UNDECLARED_SELECTOR = YES;
				GCC_WARN_UNINITIALIZED_AUTOS = YES_AGGRESSIVE;
				GCC_WARN_UNUSED_FUNCTION = YES;
				GCC_WARN_UNUSED_VARIABLE = YES;
				IPHONEOS_DEPLOYMENT_TARGET = 7.1;
				SDKROOT = iphoneos;
				TARGETED_DEVICE_FAMILY = "1,2";
				VALIDATE_PRODUCT = YES;
			};
			name = Release;
		};
		7059A69018EE5FD20045807C /* Debug */ = {
			isa = XCBuildConfiguration;
			buildSettings = {
				ASSETCATALOG_COMPILER_APPICON_NAME = AppIcon;
				ASSETCATALOG_COMPILER_LAUNCHIMAGE_NAME = LaunchImage;
				GCC_PRECOMPILE_PREFIX_HEADER = YES;
				GCC_PREFIX_HEADER = "CarbonWorkout/CarbonWorkout-Prefix.pch";
				INFOPLIST_FILE = "CarbonWorkout/CarbonWorkout-Info.plist";
				PRODUCT_NAME = "$(TARGET_NAME)";
				WRAPPER_EXTENSION = app;
			};
			name = Debug;
		};
		7059A69118EE5FD20045807C /* Release */ = {
			isa = XCBuildConfiguration;
			buildSettings = {
				ASSETCATALOG_COMPILER_APPICON_NAME = AppIcon;
				ASSETCATALOG_COMPILER_LAUNCHIMAGE_NAME = LaunchImage;
				GCC_PRECOMPILE_PREFIX_HEADER = YES;
				GCC_PREFIX_HEADER = "CarbonWorkout/CarbonWorkout-Prefix.pch";
				INFOPLIST_FILE = "CarbonWorkout/CarbonWorkout-Info.plist";
				PRODUCT_NAME = "$(TARGET_NAME)";
				WRAPPER_EXTENSION = app;
			};
			name = Release;
		};
		7059A69318EE5FD20045807C /* Debug */ = {
			isa = XCBuildConfiguration;
			buildSettings = {
				BUNDLE_LOADER = "$(BUILT_PRODUCTS_DIR)/CarbonWorkout.app/CarbonWorkout";
				FRAMEWORK_SEARCH_PATHS = (
					"$(SDKROOT)/Developer/Library/Frameworks",
					"$(inherited)",
					"$(DEVELOPER_FRAMEWORKS_DIR)",
				);
				GCC_PRECOMPILE_PREFIX_HEADER = YES;
				GCC_PREFIX_HEADER = "CarbonWorkout/CarbonWorkout-Prefix.pch";
				GCC_PREPROCESSOR_DEFINITIONS = (
					"DEBUG=1",
					"$(inherited)",
				);
				INFOPLIST_FILE = "CarbonWorkoutTests/CarbonWorkoutTests-Info.plist";
				PRODUCT_NAME = "$(TARGET_NAME)";
				TEST_HOST = "$(BUNDLE_LOADER)";
				WRAPPER_EXTENSION = xctest;
			};
			name = Debug;
		};
		7059A69418EE5FD20045807C /* Release */ = {
			isa = XCBuildConfiguration;
			buildSettings = {
				BUNDLE_LOADER = "$(BUILT_PRODUCTS_DIR)/CarbonWorkout.app/CarbonWorkout";
				FRAMEWORK_SEARCH_PATHS = (
					"$(SDKROOT)/Developer/Library/Frameworks",
					"$(inherited)",
					"$(DEVELOPER_FRAMEWORKS_DIR)",
				);
				GCC_PRECOMPILE_PREFIX_HEADER = YES;
				GCC_PREFIX_HEADER = "CarbonWorkout/CarbonWorkout-Prefix.pch";
				INFOPLIST_FILE = "CarbonWorkoutTests/CarbonWorkoutTests-Info.plist";
				PRODUCT_NAME = "$(TARGET_NAME)";
				TEST_HOST = "$(BUNDLE_LOADER)";
				WRAPPER_EXTENSION = xctest;
			};
			name = Release;
		};
/* End XCBuildConfiguration section */

/* Begin XCConfigurationList section */
		7059A65818EE5FD20045807C /* Build configuration list for PBXProject "CarbonWorkout" */ = {
			isa = XCConfigurationList;
			buildConfigurations = (
				7059A68D18EE5FD20045807C /* Debug */,
				7059A68E18EE5FD20045807C /* Release */,
			);
			defaultConfigurationIsVisible = 0;
			defaultConfigurationName = Release;
		};
		7059A68F18EE5FD20045807C /* Build configuration list for PBXNativeTarget "CarbonWorkout" */ = {
			isa = XCConfigurationList;
			buildConfigurations = (
				7059A69018EE5FD20045807C /* Debug */,
				7059A69118EE5FD20045807C /* Release */,
			);
			defaultConfigurationIsVisible = 0;
		};
		7059A69218EE5FD20045807C /* Build configuration list for PBXNativeTarget "CarbonWorkoutTests" */ = {
			isa = XCConfigurationList;
			buildConfigurations = (
				7059A69318EE5FD20045807C /* Debug */,
				7059A69418EE5FD20045807C /* Release */,
			);
			defaultConfigurationIsVisible = 0;
		};
/* End XCConfigurationList section */

/* Begin XCVersionGroup section */
		7059A67418EE5FD20045807C /* CarbonWorkout.xcdatamodeld */ = {
			isa = XCVersionGroup;
			children = (
				7059A67518EE5FD20045807C /* CarbonWorkout.xcdatamodel */,
			);
			currentVersion = 7059A67518EE5FD20045807C /* CarbonWorkout.xcdatamodel */;
			path = CarbonWorkout.xcdatamodeld;
			sourceTree = "<group>";
			versionGroupType = wrapper.xcdatamodel;
		};
/* End XCVersionGroup section */
	};
	rootObject = 7059A65518EE5FD20045807C /* Project object */;
}
